{
  "nodes": {
    "nixpkgs": {
      "locked": {
        "lastModified": 1751392202,
        "narHash": "sha256-CYmGTWXIH/oWMRB/19h5vFa5pqZFxUm3gJdcTs/lbPU=",
        "owner": "NixOS",
        "repo": "nixpkgs",
        "rev": "c22ce64ccddc6d59cb3747827d0417f8c10bd9cf",
        "type": "github"
      },
      "original": {
        "owner": "NixOS",
        "repo": "nixpkgs",
        "type": "github"
      }
    },
    "root": {
      "inputs": {
        "nixpkgs": "nixpkgs"
      }
    }
  },
  "root": "root",
  "version": 7
}
